
Microsoft Visual Studio Solution File, Format Version 12.00
# Visual Studio 2012
Project("{FAE04EC0-301F-11D3-BF4B-00C04F79EFBC}") = "Lumbraco.Core", "Lumbraco\Lumbraco.Core.csproj", "{C58D0D41-952B-48B2-ADD4-491A626D0A0E}"
EndProject
Project("{FAE04EC0-301F-11D3-BF4B-00C04F79EFBC}") = "Lumbraco.Demo", "Lumbraco.Demo\Lumbraco.Demo.csproj", "{24AF6837-5209-403F-AEC4-F167970AE409}"
EndProject
Project("{FAE04EC0-301F-11D3-BF4B-00C04F79EFBC}") = "Lumbraco.EPiServer.Demo", "Lumbraco.EPiServer.Demo\Lumbraco.EPiServer.Demo.csproj", "{6C9130A8-0DB7-4817-8F6E-21CE8EE651B7}"
EndProject
Project("{FAE04EC0-301F-11D3-BF4B-00C04F79EFBC}") = "Lumbraco.EPi", "Lumbraco.EPi\Lumbraco.EPi.csproj", "{F3FEADE9-F257-4330-81DC-C2FB86AC46AE}"
EndProject
Global
	GlobalSection(SolutionConfigurationPlatforms) = preSolution
		Debug|Any CPU = Debug|Any CPU
		Release|Any CPU = Release|Any CPU
	EndGlobalSection
	GlobalSection(ProjectConfigurationPlatforms) = postSolution
		{C58D0D41-952B-48B2-ADD4-491A626D0A0E}.Debug|Any CPU.ActiveCfg = Debug|Any CPU
		{C58D0D41-952B-48B2-ADD4-491A626D0A0E}.Debug|Any CPU.Build.0 = Debug|Any CPU
		{C58D0D41-952B-48B2-ADD4-491A626D0A0E}.Release|Any CPU.ActiveCfg = Release|Any CPU
		{C58D0D41-952B-48B2-ADD4-491A626D0A0E}.Release|Any CPU.Build.0 = Release|Any CPU
		{24AF6837-5209-403F-AEC4-F167970AE409}.Debug|Any CPU.ActiveCfg = Debug|Any CPU
		{24AF6837-5209-403F-AEC4-F167970AE409}.Debug|Any CPU.Build.0 = Debug|Any CPU
		{24AF6837-5209-403F-AEC4-F167970AE409}.Release|Any CPU.ActiveCfg = Release|Any CPU
		{24AF6837-5209-403F-AEC4-F167970AE409}.Release|Any CPU.Build.0 = Release|Any CPU
		{6C9130A8-0DB7-4817-8F6E-21CE8EE651B7}.Debug|Any CPU.ActiveCfg = Debug|Any CPU
		{6C9130A8-0DB7-4817-8F6E-21CE8EE651B7}.Debug|Any CPU.Build.0 = Debug|Any CPU
		{6C9130A8-0DB7-4817-8F6E-21CE8EE651B7}.Release|Any CPU.ActiveCfg = Release|Any CPU
		{6C9130A8-0DB7-4817-8F6E-21CE8EE651B7}.Release|Any CPU.Build.0 = Release|Any CPU
		{F3FEADE9-F257-4330-81DC-C2FB86AC46AE}.Debug|Any CPU.ActiveCfg = Debug|Any CPU
		{F3FEADE9-F257-4330-81DC-C2FB86AC46AE}.Debug|Any CPU.Build.0 = Debug|Any CPU
		{F3FEADE9-F257-4330-81DC-C2FB86AC46AE}.Release|Any CPU.ActiveCfg = Release|Any CPU
		{F3FEADE9-F257-4330-81DC-C2FB86AC46AE}.Release|Any CPU.Build.0 = Release|Any CPU
	EndGlobalSection
	GlobalSection(SolutionProperties) = preSolution
		HideSolutionNode = FALSE
	EndGlobalSection
EndGlobal
